
Microsoft Visual Studio Solution File, Format Version 12.00
# Visual Studio Version 17
VisualStudioVersion = 17.3.32804.467
MinimumVisualStudioVersion = 10.0.40219.1
Project("{FAE04EC0-301F-11D3-BF4B-00C04F79EFBC}") = "Rpnw.acceptance.Test", "Rpnw.acceptance.Test\Rpnw.acceptance.Test.csproj", "{4FF5ACAF-F536-4709-BA80-9E3A4869A6EA}"
EndProject
Global
	GlobalSection(SolutionConfigurationPlatforms) = preSolution
		Debug|Any CPU = Debug|Any CPU
		Release|Any CPU = Release|Any CPU
	EndGlobalSection
	GlobalSection(ProjectConfigurationPlatforms) = postSolution
		{4FF5ACAF-F536-4709-BA80-9E3A4869A6EA}.Debug|Any CPU.ActiveCfg = Debug|Any CPU
		{4FF5ACAF-F536-4709-BA80-9E3A4869A6EA}.Debug|Any CPU.Build.0 = Debug|Any CPU
		{4FF5ACAF-F536-4709-BA80-9E3A4869A6EA}.Release|Any CPU.ActiveCfg = Release|Any CPU
		{4FF5ACAF-F536-4709-BA80-9E3A4869A6EA}.Release|Any CPU.Build.0 = Release|Any CPU
	EndGlobalSection
	GlobalSection(SolutionProperties) = preSolution
		HideSolutionNode = FALSE
	EndGlobalSection
	GlobalSection(ExtensibilityGlobals) = postSolution
		SolutionGuid = {891271BD-8BFE-4928-9007-0D3724010FC0}
	EndGlobalSection
EndGlobal
